// !$*UTF8*$!
{
	archiveVersion = 1;
	classes = {
	};
	objectVersion = 56;
	objects = {

/* Begin PBXBuildFile section */
		21A34CBE2BED1497001E79B5 /* ImageViewerApp.swift in Sources */ = {isa = PBXBuildFile; fileRef = 21A34CBD2BED1497001E79B5 /* ImageViewerApp.swift */; };
		21A34CC02BED1497001E79B5 /* HomeView.swift in Sources */ = {isa = PBXBuildFile; fileRef = 21A34CBF2BED1497001E79B5 /* HomeView.swift */; };
		21A34CC22BED1499001E79B5 /* Assets.xcassets in Resources */ = {isa = PBXBuildFile; fileRef = 21A34CC12BED1499001E79B5 /* Assets.xcassets */; };
		21A34CC52BED1499001E79B5 /* Preview Assets.xcassets in Resources */ = {isa = PBXBuildFile; fileRef = 21A34CC42BED1499001E79B5 /* Preview Assets.xcassets */; };
		21A34CCE2BED1934001E79B5 /* ImageListView.swift in Sources */ = {isa = PBXBuildFile; fileRef = 21A34CCD2BED1934001E79B5 /* ImageListView.swift */; };
		21A34CD52BED2F56001E79B5 /* HomeModel.swift in Sources */ = {isa = PBXBuildFile; fileRef = 21A34CD42BED2F56001E79B5 /* HomeModel.swift */; };
		21A34CD72BED2F68001E79B5 /* HomeViewModel.swift in Sources */ = {isa = PBXBuildFile; fileRef = 21A34CD62BED2F68001E79B5 /* HomeViewModel.swift */; };
		21A34CD92BED2F75001E79B5 /* ImageListModel.swift in Sources */ = {isa = PBXBuildFile; fileRef = 21A34CD82BED2F75001E79B5 /* ImageListModel.swift */; };
		21A34CDB2BED2F85001E79B5 /* ImageListViewModel.swift in Sources */ = {isa = PBXBuildFile; fileRef = 21A34CDA2BED2F85001E79B5 /* ImageListViewModel.swift */; };
		21A34CDD2BED304B001E79B5 /* NetworkManager.swift in Sources */ = {isa = PBXBuildFile; fileRef = 21A34CDC2BED304B001E79B5 /* NetworkManager.swift */; };
		21A34CE02BED30D2001E79B5 /* NetworkError.swift in Sources */ = {isa = PBXBuildFile; fileRef = 21A34CDF2BED30D2001E79B5 /* NetworkError.swift */; };
		21A34CE32BED4894001E79B5 /* ImageCache.swift in Sources */ = {isa = PBXBuildFile; fileRef = 21A34CE22BED4894001E79B5 /* ImageCache.swift */; };
		21E69BAF2BEF8EA900297C45 /* AsyncLoadImageView.swift in Sources */ = {isa = PBXBuildFile; fileRef = 21E69BAE2BEF8EA900297C45 /* AsyncLoadImageView.swift */; };
		21E69BB22BEF8F2900297C45 /* AsyncLoadImageViewModel.swift in Sources */ = {isa = PBXBuildFile; fileRef = 21E69BB12BEF8F2900297C45 /* AsyncLoadImageViewModel.swift */; };
		21E69BB42BF261F900297C45 /* Launch Screen.storyboard in Resources */ = {isa = PBXBuildFile; fileRef = 21E69BB32BF261F900297C45 /* Launch Screen.storyboard */; };
/* End PBXBuildFile section */

/* Begin PBXFileReference section */
		21A34CBA2BED1497001E79B5 /* ImageViewer.app */ = {isa = PBXFileReference; explicitFileType = wrapper.application; includeInIndex = 0; path = ImageViewer.app; sourceTree = BUILT_PRODUCTS_DIR; };
		21A34CBD2BED1497001E79B5 /* ImageViewerApp.swift */ = {isa = PBXFileReference; lastKnownFileType = sourcecode.swift; path = ImageViewerApp.swift; sourceTree = "<group>"; };
		21A34CBF2BED1497001E79B5 /* HomeView.swift */ = {isa = PBXFileReference; lastKnownFileType = sourcecode.swift; path = HomeView.swift; sourceTree = "<group>"; };
		21A34CC12BED1499001E79B5 /* Assets.xcassets */ = {isa = PBXFileReference; lastKnownFileType = folder.assetcatalog; path = Assets.xcassets; sourceTree = "<group>"; };
		21A34CC42BED1499001E79B5 /* Preview Assets.xcassets */ = {isa = PBXFileReference; lastKnownFileType = folder.assetcatalog; path = "Preview Assets.xcassets"; sourceTree = "<group>"; };
		21A34CCD2BED1934001E79B5 /* ImageListView.swift */ = {isa = PBXFileReference; lastKnownFileType = sourcecode.swift; path = ImageListView.swift; sourceTree = "<group>"; };
		21A34CD42BED2F56001E79B5 /* HomeModel.swift */ = {isa = PBXFileReference; lastKnownFileType = sourcecode.swift; path = HomeModel.swift; sourceTree = "<group>"; };
		21A34CD62BED2F68001E79B5 /* HomeViewModel.swift */ = {isa = PBXFileReference; lastKnownFileType = sourcecode.swift; path = HomeViewModel.swift; sourceTree = "<group>"; };
		21A34CD82BED2F75001E79B5 /* ImageListModel.swift */ = {isa = PBXFileReference; lastKnownFileType = sourcecode.swift; path = ImageListModel.swift; sourceTree = "<group>"; };
		21A34CDA2BED2F85001E79B5 /* ImageListViewModel.swift */ = {isa = PBXFileReference; lastKnownFileType = sourcecode.swift; path = ImageListViewModel.swift; sourceTree = "<group>"; };
		21A34CDC2BED304B001E79B5 /* NetworkManager.swift */ = {isa = PBXFileReference; lastKnownFileType = sourcecode.swift; path = NetworkManager.swift; sourceTree = "<group>"; };
		21A34CDF2BED30D2001E79B5 /* NetworkError.swift */ = {isa = PBXFileReference; lastKnownFileType = sourcecode.swift; path = NetworkError.swift; sourceTree = "<group>"; };
		21A34CE22BED4894001E79B5 /* ImageCache.swift */ = {isa = PBXFileReference; lastKnownFileType = sourcecode.swift; path = ImageCache.swift; sourceTree = "<group>"; };
		21E69BAE2BEF8EA900297C45 /* AsyncLoadImageView.swift */ = {isa = PBXFileReference; lastKnownFileType = sourcecode.swift; path = AsyncLoadImageView.swift; sourceTree = "<group>"; };
		21E69BB12BEF8F2900297C45 /* AsyncLoadImageViewModel.swift */ = {isa = PBXFileReference; lastKnownFileType = sourcecode.swift; path = AsyncLoadImageViewModel.swift; sourceTree = "<group>"; };
		21E69BB32BF261F900297C45 /* Launch Screen.storyboard */ = {isa = PBXFileReference; lastKnownFileType = file.storyboard; path = "Launch Screen.storyboard"; sourceTree = "<group>"; };
/* End PBXFileReference section */

/* Begin PBXFrameworksBuildPhase section */
		21A34CB72BED1497001E79B5 /* Frameworks */ = {
			isa = PBXFrameworksBuildPhase;
			buildActionMask = 2147483647;
			files = (
			);
			runOnlyForDeploymentPostprocessing = 0;
		};
/* End PBXFrameworksBuildPhase section */

/* Begin PBXGroup section */
		21A34CB12BED1497001E79B5 = {
			isa = PBXGroup;
			children = (
				21A34CBC2BED1497001E79B5 /* ImageViewer */,
				21A34CBB2BED1497001E79B5 /* Products */,
			);
			sourceTree = "<group>";
		};
		21A34CBB2BED1497001E79B5 /* Products */ = {
			isa = PBXGroup;
			children = (
				21A34CBA2BED1497001E79B5 /* ImageViewer.app */,
			);
			name = Products;
			sourceTree = "<group>";
		};
		21A34CBC2BED1497001E79B5 /* ImageViewer */ = {
			isa = PBXGroup;
			children = (
				21A34CBD2BED1497001E79B5 /* ImageViewerApp.swift */,
				21A34CD02BED1ACE001E79B5 /* Interface */,
				21A34CD32BED1F0A001E79B5 /* Infrastructure */,
				21A34CC12BED1499001E79B5 /* Assets.xcassets */,
				21A34CC32BED1499001E79B5 /* Preview Content */,
			);
			path = ImageViewer;
			sourceTree = "<group>";
		};
		21A34CC32BED1499001E79B5 /* Preview Content */ = {
			isa = PBXGroup;
			children = (
				21A34CC42BED1499001E79B5 /* Preview Assets.xcassets */,
			);
			path = "Preview Content";
			sourceTree = "<group>";
		};
		21A34CD02BED1ACE001E79B5 /* Interface */ = {
			isa = PBXGroup;
			children = (
				21E69BB32BF261F900297C45 /* Launch Screen.storyboard */,
				21E69BAD2BEF8E7E00297C45 /* ReusableViews */,
				21A34CD12BED1CA9001E79B5 /* ImageList */,
				21A34CD22BED1EEA001E79B5 /* Home */,
			);
			path = Interface;
			sourceTree = "<group>";
		};
		21A34CD12BED1CA9001E79B5 /* ImageList */ = {
			isa = PBXGroup;
			children = (
				21A34CCD2BED1934001E79B5 /* ImageListView.swift */,
				21A34CD82BED2F75001E79B5 /* ImageListModel.swift */,
				21A34CDA2BED2F85001E79B5 /* ImageListViewModel.swift */,
			);
			path = ImageList;
			sourceTree = "<group>";
		};
		21A34CD22BED1EEA001E79B5 /* Home */ = {
			isa = PBXGroup;
			children = (
				21A34CBF2BED1497001E79B5 /* HomeView.swift */,
				21A34CD42BED2F56001E79B5 /* HomeModel.swift */,
				21A34CD62BED2F68001E79B5 /* HomeViewModel.swift */,
			);
			path = Home;
			sourceTree = "<group>";
		};
		21A34CD32BED1F0A001E79B5 /* Infrastructure */ = {
			isa = PBXGroup;
			children = (
				21A34CE12BED4870001E79B5 /* Image */,
				21A34CDE2BED30B9001E79B5 /* Network */,
			);
			path = Infrastructure;
			sourceTree = "<group>";
		};
		21A34CDE2BED30B9001E79B5 /* Network */ = {
			isa = PBXGroup;
			children = (
				21A34CDC2BED304B001E79B5 /* NetworkManager.swift */,
				21A34CDF2BED30D2001E79B5 /* NetworkError.swift */,
			);
			path = Network;
			sourceTree = "<group>";
		};
		21A34CE12BED4870001E79B5 /* Image */ = {
			isa = PBXGroup;
			children = (
				21A34CE22BED4894001E79B5 /* ImageCache.swift */,
			);
			path = Image;
			sourceTree = "<group>";
		};
		21E69BAD2BEF8E7E00297C45 /* ReusableViews */ = {
			isa = PBXGroup;
			children = (
				21E69BB02BEF8F0200297C45 /* AsyncLoadImage */,
			);
			path = ReusableViews;
			sourceTree = "<group>";
		};
		21E69BB02BEF8F0200297C45 /* AsyncLoadImage */ = {
			isa = PBXGroup;
			children = (
				21E69BAE2BEF8EA900297C45 /* AsyncLoadImageView.swift */,
				21E69BB12BEF8F2900297C45 /* AsyncLoadImageViewModel.swift */,
			);
			path = AsyncLoadImage;
			sourceTree = "<group>";
		};
/* End PBXGroup section */

/* Begin PBXNativeTarget section */
		21A34CB92BED1497001E79B5 /* ImageViewer */ = {
			isa = PBXNativeTarget;
			buildConfigurationList = 21A34CC82BED1499001E79B5 /* Build configuration list for PBXNativeTarget "ImageViewer" */;
			buildPhases = (
				21A34CB62BED1497001E79B5 /* Sources */,
				21A34CB72BED1497001E79B5 /* Frameworks */,
				21A34CB82BED1497001E79B5 /* Resources */,
			);
			buildRules = (
			);
			dependencies = (
			);
			name = ImageViewer;
			productName = ImageViewer;
			productReference = 21A34CBA2BED1497001E79B5 /* ImageViewer.app */;
			productType = "com.apple.product-type.application";
		};
/* End PBXNativeTarget section */

/* Begin PBXProject section */
		21A34CB22BED1497001E79B5 /* Project object */ = {
			isa = PBXProject;
			attributes = {
				BuildIndependentTargetsInParallel = 1;
				LastSwiftUpdateCheck = 1500;
				LastUpgradeCheck = 1500;
				TargetAttributes = {
					21A34CB92BED1497001E79B5 = {
						CreatedOnToolsVersion = 15.0;
					};
				};
			};
			buildConfigurationList = 21A34CB52BED1497001E79B5 /* Build configuration list for PBXProject "ImageViewer" */;
			compatibilityVersion = "Xcode 14.0";
			developmentRegion = en;
			hasScannedForEncodings = 0;
			knownRegions = (
				en,
				Base,
			);
			mainGroup = 21A34CB12BED1497001E79B5;
			productRefGroup = 21A34CBB2BED1497001E79B5 /* Products */;
			projectDirPath = "";
			projectRoot = "";
			targets = (
				21A34CB92BED1497001E79B5 /* ImageViewer */,
			);
		};
/* End PBXProject section */

/* Begin PBXResourcesBuildPhase section */
		21A34CB82BED1497001E79B5 /* Resources */ = {
			isa = PBXResourcesBuildPhase;
			buildActionMask = 2147483647;
			files = (
				21E69BB42BF261F900297C45 /* Launch Screen.storyboard in Resources */,
				21A34CC52BED1499001E79B5 /* Preview Assets.xcassets in Resources */,
				21A34CC22BED1499001E79B5 /* Assets.xcassets in Resources */,
			);
			runOnlyForDeploymentPostprocessing = 0;
		};
/* End PBXResourcesBuildPhase section */

/* Begin PBXSourcesBuildPhase section */
		21A34CB62BED1497001E79B5 /* Sources */ = {
			isa = PBXSourcesBuildPhase;
			buildActionMask = 2147483647;
			files = (
				21A34CD52BED2F56001E79B5 /* HomeModel.swift in Sources */,
				21A34CE32BED4894001E79B5 /* ImageCache.swift in Sources */,
				21A34CDB2BED2F85001E79B5 /* ImageListViewModel.swift in Sources */,
				21A34CCE2BED1934001E79B5 /* ImageListView.swift in Sources */,
				21A34CC02BED1497001E79B5 /* HomeView.swift in Sources */,
				21E69BB22BEF8F2900297C45 /* AsyncLoadImageViewModel.swift in Sources */,
				21A34CDD2BED304B001E79B5 /* NetworkManager.swift in Sources */,
				21A34CD92BED2F75001E79B5 /* ImageListModel.swift in Sources */,
				21E69BAF2BEF8EA900297C45 /* AsyncLoadImageView.swift in Sources */,
				21A34CE02BED30D2001E79B5 /* NetworkError.swift in Sources */,
				21A34CD72BED2F68001E79B5 /* HomeViewModel.swift in Sources */,
				21A34CBE2BED1497001E79B5 /* ImageViewerApp.swift in Sources */,
			);
			runOnlyForDeploymentPostprocessing = 0;
		};
/* End PBXSourcesBuildPhase section */

/* Begin XCBuildConfiguration section */
		21A34CC62BED1499001E79B5 /* Debug */ = {
			isa = XCBuildConfiguration;
			buildSettings = {
				ALWAYS_SEARCH_USER_PATHS = NO;
				ASSETCATALOG_COMPILER_GENERATE_SWIFT_ASSET_SYMBOL_EXTENSIONS = YES;
				CLANG_ANALYZER_NONNULL = YES;
				CLANG_ANALYZER_NUMBER_OBJECT_CONVERSION = YES_AGGRESSIVE;
				CLANG_CXX_LANGUAGE_STANDARD = "gnu++20";
				CLANG_ENABLE_MODULES = YES;
				CLANG_ENABLE_OBJC_ARC = YES;
				CLANG_ENABLE_OBJC_WEAK = YES;
				CLANG_WARN_BLOCK_CAPTURE_AUTORELEASING = YES;
				CLANG_WARN_BOOL_CONVERSION = YES;
				CLANG_WARN_COMMA = YES;
				CLANG_WARN_CONSTANT_CONVERSION = YES;
				CLANG_WARN_DEPRECATED_OBJC_IMPLEMENTATIONS = YES;
				CLANG_WARN_DIRECT_OBJC_ISA_USAGE = YES_ERROR;
				CLANG_WARN_DOCUMENTATION_COMMENTS = YES;
				CLANG_WARN_EMPTY_BODY = YES;
				CLANG_WARN_ENUM_CONVERSION = YES;
				CLANG_WARN_INFINITE_RECURSION = YES;
				CLANG_WARN_INT_CONVERSION = YES;
				CLANG_WARN_NON_LITERAL_NULL_CONVERSION = YES;
				CLANG_WARN_OBJC_IMPLICIT_RETAIN_SELF = YES;
				CLANG_WARN_OBJC_LITERAL_CONVERSION = YES;
				CLANG_WARN_OBJC_ROOT_CLASS = YES_ERROR;
				CLANG_WARN_QUOTED_INCLUDE_IN_FRAMEWORK_HEADER = YES;
				CLANG_WARN_RANGE_LOOP_ANALYSIS = YES;
				CLANG_WARN_STRICT_PROTOTYPES = YES;
				CLANG_WARN_SUSPICIOUS_MOVE = YES;
				CLANG_WARN_UNGUARDED_AVAILABILITY = YES_AGGRESSIVE;
				CLANG_WARN_UNREACHABLE_CODE = YES;
				CLANG_WARN__DUPLICATE_METHOD_MATCH = YES;
				COPY_PHASE_STRIP = NO;
				DEBUG_INFORMATION_FORMAT = dwarf;
				ENABLE_STRICT_OBJC_MSGSEND = YES;
				ENABLE_TESTABILITY = YES;
				ENABLE_USER_SCRIPT_SANDBOXING = YES;
				GCC_C_LANGUAGE_STANDARD = gnu17;
				GCC_DYNAMIC_NO_PIC = NO;
				GCC_NO_COMMON_BLOCKS = YES;
				GCC_OPTIMIZATION_LEVEL = 0;
				GCC_PREPROCESSOR_DEFINITIONS = (
					"DEBUG=1",
					"$(inherited)",
				);
				GCC_WARN_64_TO_32_BIT_CONVERSION = YES;
				GCC_WARN_ABOUT_RETURN_TYPE = YES_ERROR;
				GCC_WARN_UNDECLARED_SELECTOR = YES;
				GCC_WARN_UNINITIALIZED_AUTOS = YES_AGGRESSIVE;
				GCC_WARN_UNUSED_FUNCTION = YES;
				GCC_WARN_UNUSED_VARIABLE = YES;
				IPHONEOS_DEPLOYMENT_TARGET = 17.0;
				LOCALIZATION_PREFERS_STRING_CATALOGS = YES;
				MTL_ENABLE_DEBUG_INFO = INCLUDE_SOURCE;
				MTL_FAST_MATH = YES;
				ONLY_ACTIVE_ARCH = YES;
				SDKROOT = iphoneos;
				SWIFT_ACTIVE_COMPILATION_CONDITIONS = "DEBUG $(inherited)";
				SWIFT_OPTIMIZATION_LEVEL = "-Onone";
			};
			name = Debug;
		};
		21A34CC72BED1499001E79B5 /* Release */ = {
			isa = XCBuildConfiguration;
			buildSettings = {
				ALWAYS_SEARCH_USER_PATHS = NO;
				ASSETCATALOG_COMPILER_GENERATE_SWIFT_ASSET_SYMBOL_EXTENSIONS = YES;
				CLANG_ANALYZER_NONNULL = YES;
				CLANG_ANALYZER_NUMBER_OBJECT_CONVERSION = YES_AGGRESSIVE;
				CLANG_CXX_LANGUAGE_STANDARD = "gnu++20";
				CLANG_ENABLE_MODULES = YES;
				CLANG_ENABLE_OBJC_ARC = YES;
				CLANG_ENABLE_OBJC_WEAK = YES;
				CLANG_WARN_BLOCK_CAPTURE_AUTORELEASING = YES;
				CLANG_WARN_BOOL_CONVERSION = YES;
				CLANG_WARN_COMMA = YES;
				CLANG_WARN_CONSTANT_CONVERSION = YES;
				CLANG_WARN_DEPRECATED_OBJC_IMPLEMENTATIONS = YES;
				CLANG_WARN_DIRECT_OBJC_ISA_USAGE = YES_ERROR;
				CLANG_WARN_DOCUMENTATION_COMMENTS = YES;
				CLANG_WARN_EMPTY_BODY = YES;
				CLANG_WARN_ENUM_CONVERSION = YES;
				CLANG_WARN_INFINITE_RECURSION = YES;
				CLANG_WARN_INT_CONVERSION = YES;
				CLANG_WARN_NON_LITERAL_NULL_CONVERSION = YES;
				CLANG_WARN_OBJC_IMPLICIT_RETAIN_SELF = YES;
				CLANG_WARN_OBJC_LITERAL_CONVERSION = YES;
				CLANG_WARN_OBJC_ROOT_CLASS = YES_ERROR;
				CLANG_WARN_QUOTED_INCLUDE_IN_FRAMEWORK_HEADER = YES;
				CLANG_WARN_RANGE_LOOP_ANALYSIS = YES;
				CLANG_WARN_STRICT_PROTOTYPES = YES;
				CLANG_WARN_SUSPICIOUS_MOVE = YES;
				CLANG_WARN_UNGUARDED_AVAILABILITY = YES_AGGRESSIVE;
				CLANG_WARN_UNREACHABLE_CODE = YES;
				CLANG_WARN__DUPLICATE_METHOD_MATCH = YES;
				COPY_PHASE_STRIP = NO;
				DEBUG_INFORMATION_FORMAT = "dwarf-with-dsym";
				ENABLE_NS_ASSERTIONS = NO;
				ENABLE_STRICT_OBJC_MSGSEND = YES;
				ENABLE_USER_SCRIPT_SANDBOXING = YES;
				GCC_C_LANGUAGE_STANDARD = gnu17;
				GCC_NO_COMMON_BLOCKS = YES;
				GCC_WARN_64_TO_32_BIT_CONVERSION = YES;
				GCC_WARN_ABOUT_RETURN_TYPE = YES_ERROR;
				GCC_WARN_UNDECLARED_SELECTOR = YES;
				GCC_WARN_UNINITIALIZED_AUTOS = YES_AGGRESSIVE;
				GCC_WARN_UNUSED_FUNCTION = YES;
				GCC_WARN_UNUSED_VARIABLE = YES;
				IPHONEOS_DEPLOYMENT_TARGET = 17.0;
				LOCALIZATION_PREFERS_STRING_CATALOGS = YES;
				MTL_ENABLE_DEBUG_INFO = NO;
				MTL_FAST_MATH = YES;
				SDKROOT = iphoneos;
				SWIFT_COMPILATION_MODE = wholemodule;
				VALIDATE_PRODUCT = YES;
			};
			name = Release;
		};
		21A34CC92BED1499001E79B5 /* Debug */ = {
			isa = XCBuildConfiguration;
			buildSettings = {
				ASSETCATALOG_COMPILER_APPICON_NAME = AppIcon;
				ASSETCATALOG_COMPILER_GLOBAL_ACCENT_COLOR_NAME = AccentColor;
				CODE_SIGN_STYLE = Automatic;
				CURRENT_PROJECT_VERSION = 1;
				DEVELOPMENT_ASSET_PATHS = "\"ImageViewer/Preview Content\"";
				DEVELOPMENT_TEAM = XTMT677496;
				ENABLE_PREVIEWS = YES;
				GENERATE_INFOPLIST_FILE = YES;
				INFOPLIST_KEY_UIApplicationSceneManifest_Generation = YES;
				INFOPLIST_KEY_UIApplicationSupportsIndirectInputEvents = YES;
				INFOPLIST_KEY_UILaunchScreen_Generation = YES;
				INFOPLIST_KEY_UILaunchStoryboardName = "Launch Screen.storyboard";
				INFOPLIST_KEY_UISupportedInterfaceOrientations_iPad = "UIInterfaceOrientationPortrait UIInterfaceOrientationPortraitUpsideDown UIInterfaceOrientationLandscapeLeft UIInterfaceOrientationLandscapeRight";
				INFOPLIST_KEY_UISupportedInterfaceOrientations_iPhone = "UIInterfaceOrientationPortrait UIInterfaceOrientationLandscapeLeft UIInterfaceOrientationLandscapeRight";
				IPHONEOS_DEPLOYMENT_TARGET = 16.0;
				LD_RUNPATH_SEARCH_PATHS = (
					"$(inherited)",
					"@executable_path/Frameworks",
				);
				MARKETING_VERSION = 1.0;
				PRODUCT_BUNDLE_IDENTIFIER = sooraav.ImageViewer;
				PRODUCT_NAME = "$(TARGET_NAME)";
				SWIFT_EMIT_LOC_STRINGS = YES;
				SWIFT_VERSION = 5.0;
				TARGETED_DEVICE_FAMILY = "1,2";
			};
			name = Debug;
		};
		21A34CCA2BED1499001E79B5 /* Release */ = {
			isa = XCBuildConfiguration;
			buildSettings = {
				ASSETCATALOG_COMPILER_APPICON_NAME = AppIcon;
				ASSETCATALOG_COMPILER_GLOBAL_ACCENT_COLOR_NAME = AccentColor;
				CODE_SIGN_STYLE = Automatic;
				CURRENT_PROJECT_VERSION = 1;
				DEVELOPMENT_ASSET_PATHS = "\"ImageViewer/Preview Content\"";
				DEVELOPMENT_TEAM = XTMT677496;
				ENABLE_PREVIEWS = YES;
				GENERATE_INFOPLIST_FILE = YES;
				INFOPLIST_KEY_UIApplicationSceneManifest_Generation = YES;
				INFOPLIST_KEY_UIApplicationSupportsIndirectInputEvents = YES;
				INFOPLIST_KEY_UILaunchScreen_Generation = YES;
				INFOPLIST_KEY_UILaunchStoryboardName = "Launch Screen.storyboard";
				INFOPLIST_KEY_UISupportedInterfaceOrientations_iPad = "UIInterfaceOrientationPortrait UIInterfaceOrientationPortraitUpsideDown UIInterfaceOrientationLandscapeLeft UIInterfaceOrientationLandscapeRight";
				INFOPLIST_KEY_UISupportedInterfaceOrientations_iPhone = "UIInterfaceOrientationPortrait UIInterfaceOrientationLandscapeLeft UIInterfaceOrientationLandscapeRight";
				IPHONEOS_DEPLOYMENT_TARGET = 16.0;
				LD_RUNPATH_SEARCH_PATHS = (
					"$(inherited)",
					"@executable_path/Frameworks",
				);
				MARKETING_VERSION = 1.0;
				PRODUCT_BUNDLE_IDENTIFIER = sooraav.ImageViewer;
				PRODUCT_NAME = "$(TARGET_NAME)";
				SWIFT_EMIT_LOC_STRINGS = YES;
				SWIFT_VERSION = 5.0;
				TARGETED_DEVICE_FAMILY = "1,2";
			};
			name = Release;
		};
/* End XCBuildConfiguration section */

/* Begin XCConfigurationList section */
		21A34CB52BED1497001E79B5 /* Build configuration list for PBXProject "ImageViewer" */ = {
			isa = XCConfigurationList;
			buildConfigurations = (
				21A34CC62BED1499001E79B5 /* Debug */,
				21A34CC72BED1499001E79B5 /* Release */,
			);
			defaultConfigurationIsVisible = 0;
			defaultConfigurationName = Release;
		};
		21A34CC82BED1499001E79B5 /* Build configuration list for PBXNativeTarget "ImageViewer" */ = {
			isa = XCConfigurationList;
			buildConfigurations = (
				21A34CC92BED1499001E79B5 /* Debug */,
				21A34CCA2BED1499001E79B5 /* Release */,
			);
			defaultConfigurationIsVisible = 0;
			defaultConfigurationName = Release;
		};
/* End XCConfigurationList section */
	};
	rootObject = 21A34CB22BED1497001E79B5 /* Project object */;
}
